
Microsoft Visual Studio Solution File, Format Version 12.00
# Visual Studio 2012
Project("{FAE04EC0-301F-11D3-BF4B-00C04F79EFBC}") = "DAL", "DAL\DAL.csproj", "{07038413-917C-4EF8-A75C-941351D1BF68}"
EndProject
Project("{FAE04EC0-301F-11D3-BF4B-00C04F79EFBC}") = "IBSApplication", "IBSApplication\IBSApplication.csproj", "{66B1016C-9F3A-4C3E-98F2-C4DEFF740A9E}"
EndProject
Global
	GlobalSection(SolutionConfigurationPlatforms) = preSolution
		Debug|Any CPU = Debug|Any CPU
		Release|Any CPU = Release|Any CPU
	EndGlobalSection
	GlobalSection(ProjectConfigurationPlatforms) = postSolution
		{07038413-917C-4EF8-A75C-941351D1BF68}.Debug|Any CPU.ActiveCfg = Debug|Any CPU
		{07038413-917C-4EF8-A75C-941351D1BF68}.Debug|Any CPU.Build.0 = Debug|Any CPU
		{07038413-917C-4EF8-A75C-941351D1BF68}.Release|Any CPU.ActiveCfg = Release|Any CPU
		{07038413-917C-4EF8-A75C-941351D1BF68}.Release|Any CPU.Build.0 = Release|Any CPU
		{66B1016C-9F3A-4C3E-98F2-C4DEFF740A9E}.Debug|Any CPU.ActiveCfg = Debug|Any CPU
		{66B1016C-9F3A-4C3E-98F2-C4DEFF740A9E}.Debug|Any CPU.Build.0 = Debug|Any CPU
		{66B1016C-9F3A-4C3E-98F2-C4DEFF740A9E}.Release|Any CPU.ActiveCfg = Release|Any CPU
		{66B1016C-9F3A-4C3E-98F2-C4DEFF740A9E}.Release|Any CPU.Build.0 = Release|Any CPU
	EndGlobalSection
	GlobalSection(SolutionProperties) = preSolution
		HideSolutionNode = FALSE
	EndGlobalSection
EndGlobal
